
Microsoft Visual Studio Solution File, Format Version 12.00
# Visual Studio Version 16
VisualStudioVersion = 16.0.29609.76
MinimumVisualStudioVersion = 10.0.40219.1
Project("{00D1A9C2-B5F0-4AF3-8072-F6C62B433612}") = "Database", "src\Database\Database.sqlproj", "{8D9E1F10-DD13-467F-B033-7803465B44C9}"
EndProject
Global
	GlobalSection(SolutionConfigurationPlatforms) = preSolution
		Debug|Any CPU = Debug|Any CPU
		Release|Any CPU = Release|Any CPU
	EndGlobalSection
	GlobalSection(ProjectConfigurationPlatforms) = postSolution
		{8D9E1F10-DD13-467F-B033-7803465B44C9}.Debug|Any CPU.ActiveCfg = Debug|Any CPU
		{8D9E1F10-DD13-467F-B033-7803465B44C9}.Debug|Any CPU.Build.0 = Debug|Any CPU
		{8D9E1F10-DD13-467F-B033-7803465B44C9}.Debug|Any CPU.Deploy.0 = Debug|Any CPU
		{8D9E1F10-DD13-467F-B033-7803465B44C9}.Release|Any CPU.ActiveCfg = Release|Any CPU
		{8D9E1F10-DD13-467F-B033-7803465B44C9}.Release|Any CPU.Build.0 = Release|Any CPU
		{8D9E1F10-DD13-467F-B033-7803465B44C9}.Release|Any CPU.Deploy.0 = Release|Any CPU
	EndGlobalSection
	GlobalSection(SolutionProperties) = preSolution
		HideSolutionNode = FALSE
	EndGlobalSection
	GlobalSection(ExtensibilityGlobals) = postSolution
		SolutionGuid = {4EC62F42-9CA5-49CE-B923-EDBC9A6195A9}
	EndGlobalSection
EndGlobal
