
Microsoft Visual Studio Solution File, Format Version 12.00
# Visual Studio Version 16
VisualStudioVersion = 16.0.29609.76
MinimumVisualStudioVersion = 10.0.40219.1
Project("{9A19103F-16F7-4668-BE54-9A1E7A4F7556}") = "CTRD.ECommerce.Api", "src\Service\CTRD_ECommerce_Api\CTRD.ECommerce.Api.csproj", "{2F7B27EF-0DD5-4739-AF2C-A935EF3557DB}"
EndProject
Project("{2150E333-8FDC-42A3-9474-1A3956D46DE8}") = "src", "src", "{1915B220-179D-4EE3-BFCC-4F356ACF3D3A}"
EndProject
Project("{2150E333-8FDC-42A3-9474-1A3956D46DE8}") = "Service", "Service", "{BE899B10-A2A7-4AE9-94A7-330194A96215}"
EndProject
Project("{2150E333-8FDC-42A3-9474-1A3956D46DE8}") = "IOC", "IOC", "{33C091B4-3BD7-4806-B855-27CDD7E39AD2}"
EndProject
Project("{9A19103F-16F7-4668-BE54-9A1E7A4F7556}") = "Administration.IOC", "src\IOC\Administration\Administration.IOC\Administration.IOC.csproj", "{84E6888A-D519-48A7-A4CE-F9E1A94035C7}"
EndProject
Project("{2150E333-8FDC-42A3-9474-1A3956D46DE8}") = "Common", "Common", "{B896188A-0D61-40F2-B2E0-712DE26813D0}"
EndProject
Project("{9A19103F-16F7-4668-BE54-9A1E7A4F7556}") = "Common.Domain", "src\Common\Domain\Common.Domain.csproj", "{3D9590B9-E785-444F-BEED-05B0825A8743}"
EndProject
Project("{9A19103F-16F7-4668-BE54-9A1E7A4F7556}") = "Common.Hosting", "src\Common\Hosting\Common.Hosting.csproj", "{D98D5A82-C6FB-4FA5-8B7F-DA070346460E}"
EndProject
Project("{9A19103F-16F7-4668-BE54-9A1E7A4F7556}") = "Common.Logging", "src\Common\Logging\Common.Logging.csproj", "{7A2F42D0-593E-4B6D-9161-0A78CFDA5365}"
EndProject
Project("{9A19103F-16F7-4668-BE54-9A1E7A4F7556}") = "Common.Messaging", "src\Common\Messaging\Common.Messaging.csproj", "{988B01D2-CE4D-40F4-A72D-89AA8AC66EE2}"
EndProject
Project("{9A19103F-16F7-4668-BE54-9A1E7A4F7556}") = "CTRD.ECommerce.Application", "src\Service\Application\CTRD.ECommerce.Application.csproj", "{7D09FAAA-3CA9-4F28-8A57-A43BF275AC4A}"
EndProject
Project("{9A19103F-16F7-4668-BE54-9A1E7A4F7556}") = "CTRD.ECommerce.Domain", "src\Service\Domain\CTRD.ECommerce.Domain.csproj", "{1A790B72-2F34-431C-A57F-55DDA9919E98}"
EndProject
Project("{9A19103F-16F7-4668-BE54-9A1E7A4F7556}") = "CTRD.ECommerce.Infrastructure", "src\Service\Infrastructure\CTRD.ECommerce.Infrastructure.csproj", "{6D4C3482-FA87-4F42-90AB-511FF8268CA5}"
EndProject
Project("{2150E333-8FDC-42A3-9474-1A3956D46DE8}") = "Portal", "Portal", "{F3A39EF9-EAE2-40E3-AF07-38590783D69D}"
EndProject
Project("{FAE04EC0-301F-11D3-BF4B-00C04F79EFBC}") = "CTRD.ECommerce.Web", "src\Portal\CTRD.ECommerce.Web\CTRD.ECommerce.Web.csproj", "{BC98C2A8-286D-4BBA-AC89-1E3CFB855A6D}"
EndProject
Global
	GlobalSection(SolutionConfigurationPlatforms) = preSolution
		Debug|Any CPU = Debug|Any CPU
		Release|Any CPU = Release|Any CPU
	EndGlobalSection
	GlobalSection(ProjectConfigurationPlatforms) = postSolution
		{2F7B27EF-0DD5-4739-AF2C-A935EF3557DB}.Debug|Any CPU.ActiveCfg = Debug|Any CPU
		{2F7B27EF-0DD5-4739-AF2C-A935EF3557DB}.Debug|Any CPU.Build.0 = Debug|Any CPU
		{2F7B27EF-0DD5-4739-AF2C-A935EF3557DB}.Release|Any CPU.ActiveCfg = Release|Any CPU
		{2F7B27EF-0DD5-4739-AF2C-A935EF3557DB}.Release|Any CPU.Build.0 = Release|Any CPU
		{84E6888A-D519-48A7-A4CE-F9E1A94035C7}.Debug|Any CPU.ActiveCfg = Debug|Any CPU
		{84E6888A-D519-48A7-A4CE-F9E1A94035C7}.Debug|Any CPU.Build.0 = Debug|Any CPU
		{84E6888A-D519-48A7-A4CE-F9E1A94035C7}.Release|Any CPU.ActiveCfg = Release|Any CPU
		{84E6888A-D519-48A7-A4CE-F9E1A94035C7}.Release|Any CPU.Build.0 = Release|Any CPU
		{3D9590B9-E785-444F-BEED-05B0825A8743}.Debug|Any CPU.ActiveCfg = Debug|Any CPU
		{3D9590B9-E785-444F-BEED-05B0825A8743}.Debug|Any CPU.Build.0 = Debug|Any CPU
		{3D9590B9-E785-444F-BEED-05B0825A8743}.Release|Any CPU.ActiveCfg = Release|Any CPU
		{3D9590B9-E785-444F-BEED-05B0825A8743}.Release|Any CPU.Build.0 = Release|Any CPU
		{D98D5A82-C6FB-4FA5-8B7F-DA070346460E}.Debug|Any CPU.ActiveCfg = Debug|Any CPU
		{D98D5A82-C6FB-4FA5-8B7F-DA070346460E}.Debug|Any CPU.Build.0 = Debug|Any CPU
		{D98D5A82-C6FB-4FA5-8B7F-DA070346460E}.Release|Any CPU.ActiveCfg = Release|Any CPU
		{D98D5A82-C6FB-4FA5-8B7F-DA070346460E}.Release|Any CPU.Build.0 = Release|Any CPU
		{7A2F42D0-593E-4B6D-9161-0A78CFDA5365}.Debug|Any CPU.ActiveCfg = Debug|Any CPU
		{7A2F42D0-593E-4B6D-9161-0A78CFDA5365}.Debug|Any CPU.Build.0 = Debug|Any CPU
		{7A2F42D0-593E-4B6D-9161-0A78CFDA5365}.Release|Any CPU.ActiveCfg = Release|Any CPU
		{7A2F42D0-593E-4B6D-9161-0A78CFDA5365}.Release|Any CPU.Build.0 = Release|Any CPU
		{988B01D2-CE4D-40F4-A72D-89AA8AC66EE2}.Debug|Any CPU.ActiveCfg = Debug|Any CPU
		{988B01D2-CE4D-40F4-A72D-89AA8AC66EE2}.Debug|Any CPU.Build.0 = Debug|Any CPU
		{988B01D2-CE4D-40F4-A72D-89AA8AC66EE2}.Release|Any CPU.ActiveCfg = Release|Any CPU
		{988B01D2-CE4D-40F4-A72D-89AA8AC66EE2}.Release|Any CPU.Build.0 = Release|Any CPU
		{7D09FAAA-3CA9-4F28-8A57-A43BF275AC4A}.Debug|Any CPU.ActiveCfg = Debug|Any CPU
		{7D09FAAA-3CA9-4F28-8A57-A43BF275AC4A}.Debug|Any CPU.Build.0 = Debug|Any CPU
		{7D09FAAA-3CA9-4F28-8A57-A43BF275AC4A}.Release|Any CPU.ActiveCfg = Release|Any CPU
		{7D09FAAA-3CA9-4F28-8A57-A43BF275AC4A}.Release|Any CPU.Build.0 = Release|Any CPU
		{1A790B72-2F34-431C-A57F-55DDA9919E98}.Debug|Any CPU.ActiveCfg = Debug|Any CPU
		{1A790B72-2F34-431C-A57F-55DDA9919E98}.Debug|Any CPU.Build.0 = Debug|Any CPU
		{1A790B72-2F34-431C-A57F-55DDA9919E98}.Release|Any CPU.ActiveCfg = Release|Any CPU
		{1A790B72-2F34-431C-A57F-55DDA9919E98}.Release|Any CPU.Build.0 = Release|Any CPU
		{6D4C3482-FA87-4F42-90AB-511FF8268CA5}.Debug|Any CPU.ActiveCfg = Debug|Any CPU
		{6D4C3482-FA87-4F42-90AB-511FF8268CA5}.Debug|Any CPU.Build.0 = Debug|Any CPU
		{6D4C3482-FA87-4F42-90AB-511FF8268CA5}.Release|Any CPU.ActiveCfg = Release|Any CPU
		{6D4C3482-FA87-4F42-90AB-511FF8268CA5}.Release|Any CPU.Build.0 = Release|Any CPU
		{BC98C2A8-286D-4BBA-AC89-1E3CFB855A6D}.Debug|Any CPU.ActiveCfg = Debug|Any CPU
		{BC98C2A8-286D-4BBA-AC89-1E3CFB855A6D}.Debug|Any CPU.Build.0 = Debug|Any CPU
		{BC98C2A8-286D-4BBA-AC89-1E3CFB855A6D}.Release|Any CPU.ActiveCfg = Release|Any CPU
		{BC98C2A8-286D-4BBA-AC89-1E3CFB855A6D}.Release|Any CPU.Build.0 = Release|Any CPU
	EndGlobalSection
	GlobalSection(SolutionProperties) = preSolution
		HideSolutionNode = FALSE
	EndGlobalSection
	GlobalSection(NestedProjects) = preSolution
		{2F7B27EF-0DD5-4739-AF2C-A935EF3557DB} = {BE899B10-A2A7-4AE9-94A7-330194A96215}
		{BE899B10-A2A7-4AE9-94A7-330194A96215} = {1915B220-179D-4EE3-BFCC-4F356ACF3D3A}
		{33C091B4-3BD7-4806-B855-27CDD7E39AD2} = {1915B220-179D-4EE3-BFCC-4F356ACF3D3A}
		{84E6888A-D519-48A7-A4CE-F9E1A94035C7} = {33C091B4-3BD7-4806-B855-27CDD7E39AD2}
		{B896188A-0D61-40F2-B2E0-712DE26813D0} = {1915B220-179D-4EE3-BFCC-4F356ACF3D3A}
		{3D9590B9-E785-444F-BEED-05B0825A8743} = {B896188A-0D61-40F2-B2E0-712DE26813D0}
		{D98D5A82-C6FB-4FA5-8B7F-DA070346460E} = {B896188A-0D61-40F2-B2E0-712DE26813D0}
		{7A2F42D0-593E-4B6D-9161-0A78CFDA5365} = {B896188A-0D61-40F2-B2E0-712DE26813D0}
		{988B01D2-CE4D-40F4-A72D-89AA8AC66EE2} = {B896188A-0D61-40F2-B2E0-712DE26813D0}
		{7D09FAAA-3CA9-4F28-8A57-A43BF275AC4A} = {BE899B10-A2A7-4AE9-94A7-330194A96215}
		{1A790B72-2F34-431C-A57F-55DDA9919E98} = {BE899B10-A2A7-4AE9-94A7-330194A96215}
		{6D4C3482-FA87-4F42-90AB-511FF8268CA5} = {BE899B10-A2A7-4AE9-94A7-330194A96215}
		{F3A39EF9-EAE2-40E3-AF07-38590783D69D} = {1915B220-179D-4EE3-BFCC-4F356ACF3D3A}
		{BC98C2A8-286D-4BBA-AC89-1E3CFB855A6D} = {F3A39EF9-EAE2-40E3-AF07-38590783D69D}
	EndGlobalSection
	GlobalSection(ExtensibilityGlobals) = postSolution
		SolutionGuid = {5563C9C1-4EE4-4CAD-B1CA-4443AF247486}
	EndGlobalSection
EndGlobal
